
Microsoft Visual Studio Solution File, Format Version 12.00
# Visual Studio Version 17
VisualStudioVersion = 17.12.35707.178 d17.12
MinimumVisualStudioVersion = 10.0.40219.1
Project("{FAE04EC0-301F-11D3-BF4B-00C04F79EFBC}") = "COMP003A.lectureActivity3-3", "COMP003A.lectureActivity3-3\COMP003A.lectureActivity3-3.csproj", "{DB1A7681-FD8D-4253-A431-E8CE61669B73}"
EndProject
Global
	GlobalSection(SolutionConfigurationPlatforms) = preSolution
		Debug|Any CPU = Debug|Any CPU
		Release|Any CPU = Release|Any CPU
	EndGlobalSection
	GlobalSection(ProjectConfigurationPlatforms) = postSolution
		{DB1A7681-FD8D-4253-A431-E8CE61669B73}.Debug|Any CPU.ActiveCfg = Debug|Any CPU
		{DB1A7681-FD8D-4253-A431-E8CE61669B73}.Debug|Any CPU.Build.0 = Debug|Any CPU
		{DB1A7681-FD8D-4253-A431-E8CE61669B73}.Release|Any CPU.ActiveCfg = Release|Any CPU
		{DB1A7681-FD8D-4253-A431-E8CE61669B73}.Release|Any CPU.Build.0 = Release|Any CPU
	EndGlobalSection
	GlobalSection(SolutionProperties) = preSolution
		HideSolutionNode = FALSE
	EndGlobalSection
EndGlobal
